
Microsoft Visual Studio Solution File, Format Version 12.00
# Visual Studio Version 17
VisualStudioVersion = 17.14.37314.3 d17.14
MinimumVisualStudioVersion = 10.0.40219.1
Project("{C9674DCB-5085-4A16-B785-4C70DD1589BD}") = "ClienteBanco", "ClienteBanco.dtproj", "{E586851D-5494-D95D-3DD7-0370063F53DA}"
EndProject
Global
	GlobalSection(SolutionConfigurationPlatforms) = preSolution
		Development|Default = Development|Default
	EndGlobalSection
	GlobalSection(ProjectConfigurationPlatforms) = postSolution
		{E586851D-5494-D95D-3DD7-0370063F53DA}.Development|Default.ActiveCfg = Development
		{E586851D-5494-D95D-3DD7-0370063F53DA}.Development|Default.Build.0 = Development
	EndGlobalSection
	GlobalSection(SolutionProperties) = preSolution
		HideSolutionNode = FALSE
	EndGlobalSection
	GlobalSection(ExtensibilityGlobals) = postSolution
		SolutionGuid = {776A7772-188F-40E0-ACA2-1ABF39ECA15F}
	EndGlobalSection
EndGlobal
