
Microsoft Visual Studio Solution File, Format Version 12.00
# Visual Studio Version 17
VisualStudioVersion = 17.14.37314.3 d17.14
MinimumVisualStudioVersion = 10.0.40219.1
Project("{C9674DCB-5085-4A16-B785-4C70DD1589BD}") = "Versionamento", "Versionamento.dtproj", "{358E4D51-61E5-78F1-B952-26FA150B6EE6}"
EndProject
Global
	GlobalSection(SolutionConfigurationPlatforms) = preSolution
		Development|Default = Development|Default
	EndGlobalSection
	GlobalSection(ProjectConfigurationPlatforms) = postSolution
		{358E4D51-61E5-78F1-B952-26FA150B6EE6}.Development|Default.ActiveCfg = Development
		{358E4D51-61E5-78F1-B952-26FA150B6EE6}.Development|Default.Build.0 = Development
	EndGlobalSection
	GlobalSection(SolutionProperties) = preSolution
		HideSolutionNode = FALSE
	EndGlobalSection
	GlobalSection(ExtensibilityGlobals) = postSolution
		SolutionGuid = {FDA31F8B-034A-48AC-ADC1-CA4208E65421}
	EndGlobalSection
EndGlobal
